
Microsoft Visual Studio Solution File, Format Version 12.00
# Visual Studio Version 17
VisualStudioVersion = 17.3.32819.101
MinimumVisualStudioVersion = 10.0.40219.1
Project("{FAE04EC0-301F-11D3-BF4B-00C04F79EFBC}") = "Uppgift4_22", "Uppgift4_22\Uppgift4_22.csproj", "{422CC29C-1FF1-483E-86DD-71D6884257B5}"
EndProject
Global
	GlobalSection(SolutionConfigurationPlatforms) = preSolution
		Debug|Any CPU = Debug|Any CPU
		Release|Any CPU = Release|Any CPU
	EndGlobalSection
	GlobalSection(ProjectConfigurationPlatforms) = postSolution
		{422CC29C-1FF1-483E-86DD-71D6884257B5}.Debug|Any CPU.ActiveCfg = Debug|Any CPU
		{422CC29C-1FF1-483E-86DD-71D6884257B5}.Debug|Any CPU.Build.0 = Debug|Any CPU
		{422CC29C-1FF1-483E-86DD-71D6884257B5}.Release|Any CPU.ActiveCfg = Release|Any CPU
		{422CC29C-1FF1-483E-86DD-71D6884257B5}.Release|Any CPU.Build.0 = Release|Any CPU
	EndGlobalSection
	GlobalSection(SolutionProperties) = preSolution
		HideSolutionNode = FALSE
	EndGlobalSection
	GlobalSection(ExtensibilityGlobals) = postSolution
		SolutionGuid = {21F640B3-89EE-415F-9F37-95896FEE7FCB}
	EndGlobalSection
EndGlobal
